// !$*UTF8*$!
{
	archiveVersion = 1;
	classes = {
	};
	objectVersion = 46;
	objects = {

/* Begin PBXBuildFile section */
		5097DC1EB2105370853A82FA /* Pods.framework in Frameworks */ = {isa = PBXBuildFile; fileRef = F691D1C5F997BF337618ED2F /* Pods.framework */; settings = {ATTRIBUTES = (Weak, ); }; };
		DB4EE7CE1AF0322F0052E960 /* AppDelegate.swift in Sources */ = {isa = PBXBuildFile; fileRef = DB4EE7CD1AF0322F0052E960 /* AppDelegate.swift */; };
		DB4EE7D01AF0322F0052E960 /* ViewController.swift in Sources */ = {isa = PBXBuildFile; fileRef = DB4EE7CF1AF0322F0052E960 /* ViewController.swift */; };
		DB4EE7D31AF0322F0052E960 /* Main.storyboard in Resources */ = {isa = PBXBuildFile; fileRef = DB4EE7D11AF0322F0052E960 /* Main.storyboard */; };
		DB4EE7D51AF032300052E960 /* Images.xcassets in Resources */ = {isa = PBXBuildFile; fileRef = DB4EE7D41AF0322F0052E960 /* Images.xcassets */; };
		DB4EE7D81AF032300052E960 /* LaunchScreen.xib in Resources */ = {isa = PBXBuildFile; fileRef = DB4EE7D61AF032300052E960 /* LaunchScreen.xib */; };
		DB4EE7E41AF032300052E960 /* FSwift_SampleTests.swift in Sources */ = {isa = PBXBuildFile; fileRef = DB4EE7E31AF032300052E960 /* FSwift_SampleTests.swift */; };
/* End PBXBuildFile section */

/* Begin PBXContainerItemProxy section */
		DB4EE7DE1AF032300052E960 /* PBXContainerItemProxy */ = {
			isa = PBXContainerItemProxy;
			containerPortal = DB4EE7C01AF0322F0052E960 /* Project object */;
			proxyType = 1;
			remoteGlobalIDString = DB4EE7C71AF0322F0052E960;
			remoteInfo = "FSwift-Sample";
		};
/* End PBXContainerItemProxy section */

/* Begin PBXFileReference section */
		9110E15B7D71D01C0737161A /* Pods.release.xcconfig */ = {isa = PBXFileReference; includeInIndex = 1; lastKnownFileType = text.xcconfig; name = Pods.release.xcconfig; path = "Pods/Target Support Files/Pods/Pods.release.xcconfig"; sourceTree = "<group>"; };
		D621590D08D8349922F97BB2 /* Pods.debug.xcconfig */ = {isa = PBXFileReference; includeInIndex = 1; lastKnownFileType = text.xcconfig; name = Pods.debug.xcconfig; path = "Pods/Target Support Files/Pods/Pods.debug.xcconfig"; sourceTree = "<group>"; };
		DB4EE7C81AF0322F0052E960 /* FSwift-Sample.app */ = {isa = PBXFileReference; explicitFileType = wrapper.application; includeInIndex = 0; path = "FSwift-Sample.app"; sourceTree = BUILT_PRODUCTS_DIR; };
		DB4EE7CC1AF0322F0052E960 /* Info.plist */ = {isa = PBXFileReference; lastKnownFileType = text.plist.xml; path = Info.plist; sourceTree = "<group>"; };
		DB4EE7CD1AF0322F0052E960 /* AppDelegate.swift */ = {isa = PBXFileReference; lastKnownFileType = sourcecode.swift; path = AppDelegate.swift; sourceTree = "<group>"; };
		DB4EE7CF1AF0322F0052E960 /* ViewController.swift */ = {isa = PBXFileReference; lastKnownFileType = sourcecode.swift; path = ViewController.swift; sourceTree = "<group>"; };
		DB4EE7D21AF0322F0052E960 /* Base */ = {isa = PBXFileReference; lastKnownFileType = file.storyboard; name = Base; path = Base.lproj/Main.storyboard; sourceTree = "<group>"; };
		DB4EE7D41AF0322F0052E960 /* Images.xcassets */ = {isa = PBXFileReference; lastKnownFileType = folder.assetcatalog; path = Images.xcassets; sourceTree = "<group>"; };
		DB4EE7D71AF032300052E960 /* Base */ = {isa = PBXFileReference; lastKnownFileType = file.xib; name = Base; path = Base.lproj/LaunchScreen.xib; sourceTree = "<group>"; };
		DB4EE7DD1AF032300052E960 /* FSwift-SampleTests.xctest */ = {isa = PBXFileReference; explicitFileType = wrapper.cfbundle; includeInIndex = 0; path = "FSwift-SampleTests.xctest"; sourceTree = BUILT_PRODUCTS_DIR; };
		DB4EE7E21AF032300052E960 /* Info.plist */ = {isa = PBXFileReference; lastKnownFileType = text.plist.xml; path = Info.plist; sourceTree = "<group>"; };
		DB4EE7E31AF032300052E960 /* FSwift_SampleTests.swift */ = {isa = PBXFileReference; lastKnownFileType = sourcecode.swift; path = FSwift_SampleTests.swift; sourceTree = "<group>"; };
		F691D1C5F997BF337618ED2F /* Pods.framework */ = {isa = PBXFileReference; explicitFileType = wrapper.framework; includeInIndex = 0; path = Pods.framework; sourceTree = BUILT_PRODUCTS_DIR; };
/* End PBXFileReference section */

/* Begin PBXFrameworksBuildPhase section */
		DB4EE7C51AF0322F0052E960 /* Frameworks */ = {
			isa = PBXFrameworksBuildPhase;
			buildActionMask = 2147483647;
			files = (
				5097DC1EB2105370853A82FA /* Pods.framework in Frameworks */,
			);
			runOnlyForDeploymentPostprocessing = 0;
		};
		DB4EE7DA1AF032300052E960 /* Frameworks */ = {
			isa = PBXFrameworksBuildPhase;
			buildActionMask = 2147483647;
			files = (
			);
			runOnlyForDeploymentPostprocessing = 0;
		};
/* End PBXFrameworksBuildPhase section */

/* Begin PBXGroup section */
		25A2420CF1EB9520B7D1D979 /* Pods */ = {
			isa = PBXGroup;
			children = (
				D621590D08D8349922F97BB2 /* Pods.debug.xcconfig */,
				9110E15B7D71D01C0737161A /* Pods.release.xcconfig */,
			);
			name = Pods;
			sourceTree = "<group>";
		};
		DB4EE7BF1AF0322F0052E960 = {
			isa = PBXGroup;
			children = (
				DB4EE7CA1AF0322F0052E960 /* FSwift-Sample */,
				DB4EE7E01AF032300052E960 /* FSwift-SampleTests */,
				DB4EE7C91AF0322F0052E960 /* Products */,
				25A2420CF1EB9520B7D1D979 /* Pods */,
				FE2A7AA95AD7F88E8660AF14 /* Frameworks */,
			);
			sourceTree = "<group>";
		};
		DB4EE7C91AF0322F0052E960 /* Products */ = {
			isa = PBXGroup;
			children = (
				DB4EE7C81AF0322F0052E960 /* FSwift-Sample.app */,
				DB4EE7DD1AF032300052E960 /* FSwift-SampleTests.xctest */,
			);
			name = Products;
			sourceTree = "<group>";
		};
		DB4EE7CA1AF0322F0052E960 /* FSwift-Sample */ = {
			isa = PBXGroup;
			children = (
				DB4EE7CD1AF0322F0052E960 /* AppDelegate.swift */,
				DB4EE7CF1AF0322F0052E960 /* ViewController.swift */,
				DB4EE7D11AF0322F0052E960 /* Main.storyboard */,
				DB4EE7D41AF0322F0052E960 /* Images.xcassets */,
				DB4EE7D61AF032300052E960 /* LaunchScreen.xib */,
				DB4EE7CB1AF0322F0052E960 /* Supporting Files */,
			);
			path = "FSwift-Sample";
			sourceTree = "<group>";
		};
		DB4EE7CB1AF0322F0052E960 /* Supporting Files */ = {
			isa = PBXGroup;
			children = (
				DB4EE7CC1AF0322F0052E960 /* Info.plist */,
			);
			name = "Supporting Files";
			sourceTree = "<group>";
		};
		DB4EE7E01AF032300052E960 /* FSwift-SampleTests */ = {
			isa = PBXGroup;
			children = (
				DB4EE7E31AF032300052E960 /* FSwift_SampleTests.swift */,
				DB4EE7E11AF032300052E960 /* Supporting Files */,
			);
			path = "FSwift-SampleTests";
			sourceTree = "<group>";
		};
		DB4EE7E11AF032300052E960 /* Supporting Files */ = {
			isa = PBXGroup;
			children = (
				DB4EE7E21AF032300052E960 /* Info.plist */,
			);
			name = "Supporting Files";
			sourceTree = "<group>";
		};
		FE2A7AA95AD7F88E8660AF14 /* Frameworks */ = {
			isa = PBXGroup;
			children = (
				F691D1C5F997BF337618ED2F /* Pods.framework */,
			);
			name = Frameworks;
			sourceTree = "<group>";
		};
/* End PBXGroup section */

/* Begin PBXNativeTarget section */
		DB4EE7C71AF0322F0052E960 /* FSwift-Sample */ = {
			isa = PBXNativeTarget;
			buildConfigurationList = DB4EE7E71AF032300052E960 /* Build configuration list for PBXNativeTarget "FSwift-Sample" */;
			buildPhases = (
				434B5278558C6F71A0EAB7B0 /* Check Pods Manifest.lock */,
				DB4EE7C41AF0322F0052E960 /* Sources */,
				DB4EE7C51AF0322F0052E960 /* Frameworks */,
				DB4EE7C61AF0322F0052E960 /* Resources */,
				C1C0852106CAE773F1BDEB49 /* Embed Pods Frameworks */,
				45F7074FB541A2E34CE2D765 /* Copy Pods Resources */,
			);
			buildRules = (
			);
			dependencies = (
			);
			name = "FSwift-Sample";
			productName = "FSwift-Sample";
			productReference = DB4EE7C81AF0322F0052E960 /* FSwift-Sample.app */;
			productType = "com.apple.product-type.application";
		};
		DB4EE7DC1AF032300052E960 /* FSwift-SampleTests */ = {
			isa = PBXNativeTarget;
			buildConfigurationList = DB4EE7EA1AF032300052E960 /* Build configuration list for PBXNativeTarget "FSwift-SampleTests" */;
			buildPhases = (
				DB4EE7D91AF032300052E960 /* Sources */,
				DB4EE7DA1AF032300052E960 /* Frameworks */,
				DB4EE7DB1AF032300052E960 /* Resources */,
			);
			buildRules = (
			);
			dependencies = (
				DB4EE7DF1AF032300052E960 /* PBXTargetDependency */,
			);
			name = "FSwift-SampleTests";
			productName = "FSwift-SampleTests";
			productReference = DB4EE7DD1AF032300052E960 /* FSwift-SampleTests.xctest */;
			productType = "com.apple.product-type.bundle.unit-test";
		};
/* End PBXNativeTarget section */

/* Begin PBXProject section */
		DB4EE7C01AF0322F0052E960 /* Project object */ = {
			isa = PBXProject;
			attributes = {
				LastUpgradeCheck = 0630;
				ORGANIZATIONNAME = "Kelton Person";
				TargetAttributes = {
					DB4EE7C71AF0322F0052E960 = {
						CreatedOnToolsVersion = 6.3.1;
					};
					DB4EE7DC1AF032300052E960 = {
						CreatedOnToolsVersion = 6.3.1;
						TestTargetID = DB4EE7C71AF0322F0052E960;
					};
				};
			};
			buildConfigurationList = DB4EE7C31AF0322F0052E960 /* Build configuration list for PBXProject "FSwift-Sample" */;
			compatibilityVersion = "Xcode 3.2";
			developmentRegion = English;
			hasScannedForEncodings = 0;
			knownRegions = (
				en,
				Base,
			);
			mainGroup = DB4EE7BF1AF0322F0052E960;
			productRefGroup = DB4EE7C91AF0322F0052E960 /* Products */;
			projectDirPath = "";
			projectRoot = "";
			targets = (
				DB4EE7C71AF0322F0052E960 /* FSwift-Sample */,
				DB4EE7DC1AF032300052E960 /* FSwift-SampleTests */,
			);
		};
/* End PBXProject section */

/* Begin PBXResourcesBuildPhase section */
		DB4EE7C61AF0322F0052E960 /* Resources */ = {
			isa = PBXResourcesBuildPhase;
			buildActionMask = 2147483647;
			files = (
				DB4EE7D31AF0322F0052E960 /* Main.storyboard in Resources */,
				DB4EE7D81AF032300052E960 /* LaunchScreen.xib in Resources */,
				DB4EE7D51AF032300052E960 /* Images.xcassets in Resources */,
			);
			runOnlyForDeploymentPostprocessing = 0;
		};
		DB4EE7DB1AF032300052E960 /* Resources */ = {
			isa = PBXResourcesBuildPhase;
			buildActionMask = 2147483647;
			files = (
			);
			runOnlyForDeploymentPostprocessing = 0;
		};
/* End PBXResourcesBuildPhase section */

/* Begin PBXShellScriptBuildPhase section */
		434B5278558C6F71A0EAB7B0 /* Check Pods Manifest.lock */ = {
			isa = PBXShellScriptBuildPhase;
			buildActionMask = 2147483647;
			files = (
			);
			inputPaths = (
			);
			name = "Check Pods Manifest.lock";
			outputPaths = (
			);
			runOnlyForDeploymentPostprocessing = 0;
			shellPath = /bin/sh;
			shellScript = "diff \"${PODS_ROOT}/../Podfile.lock\" \"${PODS_ROOT}/Manifest.lock\" > /dev/null\nif [[ $? != 0 ]] ; then\n    cat << EOM\nerror: The sandbox is not in sync with the Podfile.lock. Run 'pod install' or update your CocoaPods installation.\nEOM\n    exit 1\nfi\n";
			showEnvVarsInLog = 0;
		};
		45F7074FB541A2E34CE2D765 /* Copy Pods Resources */ = {
			isa = PBXShellScriptBuildPhase;
			buildActionMask = 2147483647;
			files = (
			);
			inputPaths = (
			);
			name = "Copy Pods Resources";
			outputPaths = (
			);
			runOnlyForDeploymentPostprocessing = 0;
			shellPath = /bin/sh;
			shellScript = "\"${SRCROOT}/Pods/Target Support Files/Pods/Pods-resources.sh\"\n";
			showEnvVarsInLog = 0;
		};
		C1C0852106CAE773F1BDEB49 /* Embed Pods Frameworks */ = {
			isa = PBXShellScriptBuildPhase;
			buildActionMask = 2147483647;
			files = (
			);
			inputPaths = (
			);
			name = "Embed Pods Frameworks";
			outputPaths = (
			);
			runOnlyForDeploymentPostprocessing = 0;
			shellPath = /bin/sh;
			shellScript = "\"${SRCROOT}/Pods/Target Support Files/Pods/Pods-frameworks.sh\"\n";
			showEnvVarsInLog = 0;
		};
/* End PBXShellScriptBuildPhase section */

/* Begin PBXSourcesBuildPhase section */
		DB4EE7C41AF0322F0052E960 /* Sources */ = {
			isa = PBXSourcesBuildPhase;
			buildActionMask = 2147483647;
			files = (
				DB4EE7D01AF0322F0052E960 /* ViewController.swift in Sources */,
				DB4EE7CE1AF0322F0052E960 /* AppDelegate.swift in Sources */,
			);
			runOnlyForDeploymentPostprocessing = 0;
		};
		DB4EE7D91AF032300052E960 /* Sources */ = {
			isa = PBXSourcesBuildPhase;
			buildActionMask = 2147483647;
			files = (
				DB4EE7E41AF032300052E960 /* FSwift_SampleTests.swift in Sources */,
			);
			runOnlyForDeploymentPostprocessing = 0;
		};
/* End PBXSourcesBuildPhase section */

/* Begin PBXTargetDependency section */
		DB4EE7DF1AF032300052E960 /* PBXTargetDependency */ = {
			isa = PBXTargetDependency;
			target = DB4EE7C71AF0322F0052E960 /* FSwift-Sample */;
			targetProxy = DB4EE7DE1AF032300052E960 /* PBXContainerItemProxy */;
		};
/* End PBXTargetDependency section */

/* Begin PBXVariantGroup section */
		DB4EE7D11AF0322F0052E960 /* Main.storyboard */ = {
			isa = PBXVariantGroup;
			children = (
				DB4EE7D21AF0322F0052E960 /* Base */,
			);
			name = Main.storyboard;
			sourceTree = "<group>";
		};
		DB4EE7D61AF032300052E960 /* LaunchScreen.xib */ = {
			isa = PBXVariantGroup;
			children = (
				DB4EE7D71AF032300052E960 /* Base */,
			);
			name = LaunchScreen.xib;
			sourceTree = "<group>";
		};
/* End PBXVariantGroup section */

/* Begin XCBuildConfiguration section */
		DB4EE7E51AF032300052E960 /* Debug */ = {
			isa = XCBuildConfiguration;
			buildSettings = {
				ALWAYS_SEARCH_USER_PATHS = NO;
				CLANG_CXX_LANGUAGE_STANDARD = "gnu++0x";
				CLANG_CXX_LIBRARY = "libc++";
				CLANG_ENABLE_MODULES = YES;
				CLANG_ENABLE_OBJC_ARC = YES;
				CLANG_WARN_BOOL_CONVERSION = YES;
				CLANG_WARN_CONSTANT_CONVERSION = YES;
				CLANG_WARN_DIRECT_OBJC_ISA_USAGE = YES_ERROR;
				CLANG_WARN_EMPTY_BODY = YES;
				CLANG_WARN_ENUM_CONVERSION = YES;
				CLANG_WARN_INT_CONVERSION = YES;
				CLANG_WARN_OBJC_ROOT_CLASS = YES_ERROR;
				CLANG_WARN_UNREACHABLE_CODE = YES;
				CLANG_WARN__DUPLICATE_METHOD_MATCH = YES;
				"CODE_SIGN_IDENTITY[sdk=iphoneos*]" = "iPhone Developer";
				COPY_PHASE_STRIP = NO;
				DEBUG_INFORMATION_FORMAT = "dwarf-with-dsym";
				ENABLE_STRICT_OBJC_MSGSEND = YES;
				GCC_C_LANGUAGE_STANDARD = gnu99;
				GCC_DYNAMIC_NO_PIC = NO;
				GCC_NO_COMMON_BLOCKS = YES;
				GCC_OPTIMIZATION_LEVEL = 0;
				GCC_PREPROCESSOR_DEFINITIONS = (
					"DEBUG=1",
					"$(inherited)",
				);
				GCC_SYMBOLS_PRIVATE_EXTERN = NO;
				GCC_WARN_64_TO_32_BIT_CONVERSION = YES;
				GCC_WARN_ABOUT_RETURN_TYPE = YES_ERROR;
				GCC_WARN_UNDECLARED_SELECTOR = YES;
				GCC_WARN_UNINITIALIZED_AUTOS = YES_AGGRESSIVE;
				GCC_WARN_UNUSED_FUNCTION = YES;
				GCC_WARN_UNUSED_VARIABLE = YES;
				IPHONEOS_DEPLOYMENT_TARGET = 8.3;
				MTL_ENABLE_DEBUG_INFO = YES;
				ONLY_ACTIVE_ARCH = YES;
				SDKROOT = iphoneos;
				SWIFT_OPTIMIZATION_LEVEL = "-Onone";
				TARGETED_DEVICE_FAMILY = "1,2";
			};
			name = Debug;
		};
		DB4EE7E61AF032300052E960 /* Release */ = {
			isa = XCBuildConfiguration;
			buildSettings = {
				ALWAYS_SEARCH_USER_PATHS = NO;
				CLANG_CXX_LANGUAGE_STANDARD = "gnu++0x";
				CLANG_CXX_LIBRARY = "libc++";
				CLANG_ENABLE_MODULES = YES;
				CLANG_ENABLE_OBJC_ARC = YES;
				CLANG_WARN_BOOL_CONVERSION = YES;
				CLANG_WARN_CONSTANT_CONVERSION = YES;
				CLANG_WARN_DIRECT_OBJC_ISA_USAGE = YES_ERROR;
				CLANG_WARN_EMPTY_BODY = YES;
				CLANG_WARN_ENUM_CONVERSION = YES;
				CLANG_WARN_INT_CONVERSION = YES;
				CLANG_WARN_OBJC_ROOT_CLASS = YES_ERROR;
				CLANG_WARN_UNREACHABLE_CODE = YES;
				CLANG_WARN__DUPLICATE_METHOD_MATCH = YES;
				"CODE_SIGN_IDENTITY[sdk=iphoneos*]" = "iPhone Developer";
				COPY_PHASE_STRIP = NO;
				DEBUG_INFORMATION_FORMAT = "dwarf-with-dsym";
				ENABLE_NS_ASSERTIONS = NO;
				ENABLE_STRICT_OBJC_MSGSEND = YES;
				GCC_C_LANGUAGE_STANDARD = gnu99;
				GCC_NO_COMMON_BLOCKS = YES;
				GCC_WARN_64_TO_32_BIT_CONVERSION = YES;
				GCC_WARN_ABOUT_RETURN_TYPE = YES_ERROR;
				GCC_WARN_UNDECLARED_SELECTOR = YES;
				GCC_WARN_UNINITIALIZED_AUTOS = YES_AGGRESSIVE;
				GCC_WARN_UNUSED_FUNCTION = YES;
				GCC_WARN_UNUSED_VARIABLE = YES;
				IPHONEOS_DEPLOYMENT_TARGET = 8.3;
				MTL_ENABLE_DEBUG_INFO = NO;
				SDKROOT = iphoneos;
				TARGETED_DEVICE_FAMILY = "1,2";
				VALIDATE_PRODUCT = YES;
			};
			name = Release;
		};
		DB4EE7E81AF032300052E960 /* Debug */ = {
			isa = XCBuildConfiguration;
			baseConfigurationReference = D621590D08D8349922F97BB2 /* Pods.debug.xcconfig */;
			buildSettings = {
				ASSETCATALOG_COMPILER_APPICON_NAME = AppIcon;
				INFOPLIST_FILE = "FSwift-Sample/Info.plist";
				LD_RUNPATH_SEARCH_PATHS = "$(inherited) @executable_path/Frameworks";
				PRODUCT_NAME = "$(TARGET_NAME)";
			};
			name = Debug;
		};
		DB4EE7E91AF032300052E960 /* Release */ = {
			isa = XCBuildConfiguration;
			baseConfigurationReference = 9110E15B7D71D01C0737161A /* Pods.release.xcconfig */;
			buildSettings = {
				ASSETCATALOG_COMPILER_APPICON_NAME = AppIcon;
				INFOPLIST_FILE = "FSwift-Sample/Info.plist";
				LD_RUNPATH_SEARCH_PATHS = "$(inherited) @executable_path/Frameworks";
				PRODUCT_NAME = "$(TARGET_NAME)";
			};
			name = Release;
		};
		DB4EE7EB1AF032300052E960 /* Debug */ = {
			isa = XCBuildConfiguration;
			buildSettings = {
				BUNDLE_LOADER = "$(TEST_HOST)";
				FRAMEWORK_SEARCH_PATHS = (
					"$(SDKROOT)/Developer/Library/Frameworks",
					"$(inherited)",
				);
				GCC_PREPROCESSOR_DEFINITIONS = (
					"DEBUG=1",
					"$(inherited)",
				);
				INFOPLIST_FILE = "FSwift-SampleTests/Info.plist";
				LD_RUNPATH_SEARCH_PATHS = "$(inherited) @executable_path/Frameworks @loader_path/Frameworks";
				PRODUCT_NAME = "$(TARGET_NAME)";
				TEST_HOST = "$(BUILT_PRODUCTS_DIR)/FSwift-Sample.app/FSwift-Sample";
			};
			name = Debug;
		};
		DB4EE7EC1AF032300052E960 /* Release */ = {
			isa = XCBuildConfiguration;
			buildSettings = {
				BUNDLE_LOADER = "$(TEST_HOST)";
				FRAMEWORK_SEARCH_PATHS = (
					"$(SDKROOT)/Developer/Library/Frameworks",
					"$(inherited)",
				);
				INFOPLIST_FILE = "FSwift-SampleTests/Info.plist";
				LD_RUNPATH_SEARCH_PATHS = "$(inherited) @executable_path/Frameworks @loader_path/Frameworks";
				PRODUCT_NAME = "$(TARGET_NAME)";
				TEST_HOST = "$(BUILT_PRODUCTS_DIR)/FSwift-Sample.app/FSwift-Sample";
			};
			name = Release;
		};
/* End XCBuildConfiguration section */

/* Begin XCConfigurationList section */
		DB4EE7C31AF0322F0052E960 /* Build configuration list for PBXProject "FSwift-Sample" */ = {
			isa = XCConfigurationList;
			buildConfigurations = (
				DB4EE7E51AF032300052E960 /* Debug */,
				DB4EE7E61AF032300052E960 /* Release */,
			);
			defaultConfigurationIsVisible = 0;
			defaultConfigurationName = Release;
		};
		DB4EE7E71AF032300052E960 /* Build configuration list for PBXNativeTarget "FSwift-Sample" */ = {
			isa = XCConfigurationList;
			buildConfigurations = (
				DB4EE7E81AF032300052E960 /* Debug */,
				DB4EE7E91AF032300052E960 /* Release */,
			);
			defaultConfigurationIsVisible = 0;
			defaultConfigurationName = Release;
		};
		DB4EE7EA1AF032300052E960 /* Build configuration list for PBXNativeTarget "FSwift-SampleTests" */ = {
			isa = XCConfigurationList;
			buildConfigurations = (
				DB4EE7EB1AF032300052E960 /* Debug */,
				DB4EE7EC1AF032300052E960 /* Release */,
			);
			defaultConfigurationIsVisible = 0;
			defaultConfigurationName = Release;
		};
/* End XCConfigurationList section */
	};
	rootObject = DB4EE7C01AF0322F0052E960 /* Project object */;
}
